// !$*UTF8*$!
{
	archiveVersion = 1;
	classes = {
	};
	objectVersion = 55;
	objects = {

/* Begin PBXBuildFile section */
		DE55658027F611C80061064E /* AppDelegate.swift in Sources */ = {isa = PBXBuildFile; fileRef = DE55657F27F611C80061064E /* AppDelegate.swift */; };
		DE55658227F611C80061064E /* SceneDelegate.swift in Sources */ = {isa = PBXBuildFile; fileRef = DE55658127F611C80061064E /* SceneDelegate.swift */; };
		DE55658427F611C80061064E /* ViewController.swift in Sources */ = {isa = PBXBuildFile; fileRef = DE55658327F611C80061064E /* ViewController.swift */; };
		DE55658727F611C80061064E /* Main.storyboard in Resources */ = {isa = PBXBuildFile; fileRef = DE55658527F611C80061064E /* Main.storyboard */; };
		DE55658927F611CB0061064E /* Assets.xcassets in Resources */ = {isa = PBXBuildFile; fileRef = DE55658827F611CB0061064E /* Assets.xcassets */; };
		DE55658C27F611CB0061064E /* LaunchScreen.storyboard in Resources */ = {isa = PBXBuildFile; fileRef = DE55658A27F611CB0061064E /* LaunchScreen.storyboard */; };
		DE55659927F63D5D0061064E /* Network.swift in Sources */ = {isa = PBXBuildFile; fileRef = DE55659827F63D5C0061064E /* Network.swift */; };
		DE55659F27F64E9A0061064E /* WeatherModel.swift in Sources */ = {isa = PBXBuildFile; fileRef = DE55659E27F64E9A0061064E /* WeatherModel.swift */; };
		DE5565A127F710730061064E /* CurentWeather.swift in Sources */ = {isa = PBXBuildFile; fileRef = DE5565A027F710730061064E /* CurentWeather.swift */; };
/* End PBXBuildFile section */

/* Begin PBXFileReference section */
		DE55657C27F611C80061064E /* WeaterApp.app */ = {isa = PBXFileReference; explicitFileType = wrapper.application; includeInIndex = 0; path = WeaterApp.app; sourceTree = BUILT_PRODUCTS_DIR; };
		DE55657F27F611C80061064E /* AppDelegate.swift */ = {isa = PBXFileReference; lastKnownFileType = sourcecode.swift; path = AppDelegate.swift; sourceTree = "<group>"; };
		DE55658127F611C80061064E /* SceneDelegate.swift */ = {isa = PBXFileReference; lastKnownFileType = sourcecode.swift; path = SceneDelegate.swift; sourceTree = "<group>"; };
		DE55658327F611C80061064E /* ViewController.swift */ = {isa = PBXFileReference; lastKnownFileType = sourcecode.swift; path = ViewController.swift; sourceTree = "<group>"; };
		DE55658627F611C80061064E /* Base */ = {isa = PBXFileReference; lastKnownFileType = file.storyboard; name = Base; path = Base.lproj/Main.storyboard; sourceTree = "<group>"; };
		DE55658827F611CB0061064E /* Assets.xcassets */ = {isa = PBXFileReference; lastKnownFileType = folder.assetcatalog; path = Assets.xcassets; sourceTree = "<group>"; };
		DE55658B27F611CB0061064E /* Base */ = {isa = PBXFileReference; lastKnownFileType = file.storyboard; name = Base; path = Base.lproj/LaunchScreen.storyboard; sourceTree = "<group>"; };
		DE55658D27F611CB0061064E /* Info.plist */ = {isa = PBXFileReference; lastKnownFileType = text.plist.xml; path = Info.plist; sourceTree = "<group>"; };
		DE55659827F63D5C0061064E /* Network.swift */ = {isa = PBXFileReference; lastKnownFileType = sourcecode.swift; path = Network.swift; sourceTree = "<group>"; };
		DE55659E27F64E9A0061064E /* WeatherModel.swift */ = {isa = PBXFileReference; lastKnownFileType = sourcecode.swift; path = WeatherModel.swift; sourceTree = "<group>"; };
		DE5565A027F710730061064E /* CurentWeather.swift */ = {isa = PBXFileReference; lastKnownFileType = sourcecode.swift; path = CurentWeather.swift; sourceTree = "<group>"; };
/* End PBXFileReference section */

/* Begin PBXFrameworksBuildPhase section */
		DE55657927F611C80061064E /* Frameworks */ = {
			isa = PBXFrameworksBuildPhase;
			buildActionMask = 2147483647;
			files = (
			);
			runOnlyForDeploymentPostprocessing = 0;
		};
/* End PBXFrameworksBuildPhase section */

/* Begin PBXGroup section */
		DE55657327F611C80061064E = {
			isa = PBXGroup;
			children = (
				DE55657E27F611C80061064E /* WeatherApp */,
				DE55657D27F611C80061064E /* Products */,
			);
			sourceTree = "<group>";
		};
		DE55657D27F611C80061064E /* Products */ = {
			isa = PBXGroup;
			children = (
				DE55657C27F611C80061064E /* WeaterApp.app */,
			);
			name = Products;
			sourceTree = "<group>";
		};
		DE55657E27F611C80061064E /* WeatherApp */ = {
			isa = PBXGroup;
			children = (
				DE55659A27F640C90061064E /* Model */,
				DE55659B27F640CD0061064E /* View */,
				DE55659C27F640CF0061064E /* Controller */,
				DE55659D27F641190061064E /* Other */,
			);
			path = WeatherApp;
			sourceTree = "<group>";
		};
		DE55659A27F640C90061064E /* Model */ = {
			isa = PBXGroup;
			children = (
				DE55659827F63D5C0061064E /* Network.swift */,
				DE5565A027F710730061064E /* CurentWeather.swift */,
				DE55659E27F64E9A0061064E /* WeatherModel.swift */,
			);
			path = Model;
			sourceTree = "<group>";
		};
		DE55659B27F640CD0061064E /* View */ = {
			isa = PBXGroup;
			children = (
				DE55658527F611C80061064E /* Main.storyboard */,
				DE55658A27F611CB0061064E /* LaunchScreen.storyboard */,
			);
			path = View;
			sourceTree = "<group>";
		};
		DE55659C27F640CF0061064E /* Controller */ = {
			isa = PBXGroup;
			children = (
				DE55658327F611C80061064E /* ViewController.swift */,
			);
			path = Controller;
			sourceTree = "<group>";
		};
		DE55659D27F641190061064E /* Other */ = {
			isa = PBXGroup;
			children = (
				DE55658127F611C80061064E /* SceneDelegate.swift */,
				DE55657F27F611C80061064E /* AppDelegate.swift */,
				DE55658827F611CB0061064E /* Assets.xcassets */,
				DE55658D27F611CB0061064E /* Info.plist */,
			);
			path = Other;
			sourceTree = "<group>";
		};
/* End PBXGroup section */

/* Begin PBXNativeTarget section */
		DE55657B27F611C80061064E /* WeaterApp */ = {
			isa = PBXNativeTarget;
			buildConfigurationList = DE55659027F611CB0061064E /* Build configuration list for PBXNativeTarget "WeaterApp" */;
			buildPhases = (
				DE55657827F611C80061064E /* Sources */,
				DE55657927F611C80061064E /* Frameworks */,
				DE55657A27F611C80061064E /* Resources */,
			);
			buildRules = (
			);
			dependencies = (
			);
			name = WeaterApp;
			productName = WeaterApp;
			productReference = DE55657C27F611C80061064E /* WeaterApp.app */;
			productType = "com.apple.product-type.application";
		};
/* End PBXNativeTarget section */

/* Begin PBXProject section */
		DE55657427F611C80061064E /* Project object */ = {
			isa = PBXProject;
			attributes = {
				BuildIndependentTargetsInParallel = 1;
				LastSwiftUpdateCheck = 1320;
				LastUpgradeCheck = 1320;
				TargetAttributes = {
					DE55657B27F611C80061064E = {
						CreatedOnToolsVersion = 13.2.1;
					};
				};
			};
			buildConfigurationList = DE55657727F611C80061064E /* Build configuration list for PBXProject "WeatherApp" */;
			compatibilityVersion = "Xcode 13.0";
			developmentRegion = en;
			hasScannedForEncodings = 0;
			knownRegions = (
				en,
				Base,
			);
			mainGroup = DE55657327F611C80061064E;
			productRefGroup = DE55657D27F611C80061064E /* Products */;
			projectDirPath = "";
			projectRoot = "";
			targets = (
				DE55657B27F611C80061064E /* WeaterApp */,
			);
		};
/* End PBXProject section */

/* Begin PBXResourcesBuildPhase section */
		DE55657A27F611C80061064E /* Resources */ = {
			isa = PBXResourcesBuildPhase;
			buildActionMask = 2147483647;
			files = (
				DE55658C27F611CB0061064E /* LaunchScreen.storyboard in Resources */,
				DE55658927F611CB0061064E /* Assets.xcassets in Resources */,
				DE55658727F611C80061064E /* Main.storyboard in Resources */,
			);
			runOnlyForDeploymentPostprocessing = 0;
		};
/* End PBXResourcesBuildPhase section */

/* Begin PBXSourcesBuildPhase section */
		DE55657827F611C80061064E /* Sources */ = {
			isa = PBXSourcesBuildPhase;
			buildActionMask = 2147483647;
			files = (
				DE5565A127F710730061064E /* CurentWeather.swift in Sources */,
				DE55658427F611C80061064E /* ViewController.swift in Sources */,
				DE55659927F63D5D0061064E /* Network.swift in Sources */,
				DE55658027F611C80061064E /* AppDelegate.swift in Sources */,
				DE55658227F611C80061064E /* SceneDelegate.swift in Sources */,
				DE55659F27F64E9A0061064E /* WeatherModel.swift in Sources */,
			);
			runOnlyForDeploymentPostprocessing = 0;
		};
/* End PBXSourcesBuildPhase section */

/* Begin PBXVariantGroup section */
		DE55658527F611C80061064E /* Main.storyboard */ = {
			isa = PBXVariantGroup;
			children = (
				DE55658627F611C80061064E /* Base */,
			);
			name = Main.storyboard;
			sourceTree = "<group>";
		};
		DE55658A27F611CB0061064E /* LaunchScreen.storyboard */ = {
			isa = PBXVariantGroup;
			children = (
				DE55658B27F611CB0061064E /* Base */,
			);
			name = LaunchScreen.storyboard;
			sourceTree = "<group>";
		};
/* End PBXVariantGroup section */

/* Begin XCBuildConfiguration section */
		DE55658E27F611CB0061064E /* Debug */ = {
			isa = XCBuildConfiguration;
			buildSettings = {
				ALWAYS_SEARCH_USER_PATHS = NO;
				CLANG_ANALYZER_NONNULL = YES;
				CLANG_ANALYZER_NUMBER_OBJECT_CONVERSION = YES_AGGRESSIVE;
				CLANG_CXX_LANGUAGE_STANDARD = "gnu++17";
				CLANG_CXX_LIBRARY = "libc++";
				CLANG_ENABLE_MODULES = YES;
				CLANG_ENABLE_OBJC_ARC = YES;
				CLANG_ENABLE_OBJC_WEAK = YES;
				CLANG_WARN_BLOCK_CAPTURE_AUTORELEASING = YES;
				CLANG_WARN_BOOL_CONVERSION = YES;
				CLANG_WARN_COMMA = YES;
				CLANG_WARN_CONSTANT_CONVERSION = YES;
				CLANG_WARN_DEPRECATED_OBJC_IMPLEMENTATIONS = YES;
				CLANG_WARN_DIRECT_OBJC_ISA_USAGE = YES_ERROR;
				CLANG_WARN_DOCUMENTATION_COMMENTS = YES;
				CLANG_WARN_EMPTY_BODY = YES;
				CLANG_WARN_ENUM_CONVERSION = YES;
				CLANG_WARN_INFINITE_RECURSION = YES;
				CLANG_WARN_INT_CONVERSION = YES;
				CLANG_WARN_NON_LITERAL_NULL_CONVERSION = YES;
				CLANG_WARN_OBJC_IMPLICIT_RETAIN_SELF = YES;
				CLANG_WARN_OBJC_LITERAL_CONVERSION = YES;
				CLANG_WARN_OBJC_ROOT_CLASS = YES_ERROR;
				CLANG_WARN_QUOTED_INCLUDE_IN_FRAMEWORK_HEADER = YES;
				CLANG_WARN_RANGE_LOOP_ANALYSIS = YES;
				CLANG_WARN_STRICT_PROTOTYPES = YES;
				CLANG_WARN_SUSPICIOUS_MOVE = YES;
				CLANG_WARN_UNGUARDED_AVAILABILITY = YES_AGGRESSIVE;
				CLANG_WARN_UNREACHABLE_CODE = YES;
				CLANG_WARN__DUPLICATE_METHOD_MATCH = YES;
				COPY_PHASE_STRIP = NO;
				DEBUG_INFORMATION_FORMAT = dwarf;
				ENABLE_STRICT_OBJC_MSGSEND = YES;
				ENABLE_TESTABILITY = YES;
				GCC_C_LANGUAGE_STANDARD = gnu11;
				GCC_DYNAMIC_NO_PIC = NO;
				GCC_NO_COMMON_BLOCKS = YES;
				GCC_OPTIMIZATION_LEVEL = 0;
				GCC_PREPROCESSOR_DEFINITIONS = (
					"DEBUG=1",
					"$(inherited)",
				);
				GCC_WARN_64_TO_32_BIT_CONVERSION = YES;
				GCC_WARN_ABOUT_RETURN_TYPE = YES_ERROR;
				GCC_WARN_UNDECLARED_SELECTOR = YES;
				GCC_WARN_UNINITIALIZED_AUTOS = YES_AGGRESSIVE;
				GCC_WARN_UNUSED_FUNCTION = YES;
				GCC_WARN_UNUSED_VARIABLE = YES;
				IPHONEOS_DEPLOYMENT_TARGET = 15.2;
				MTL_ENABLE_DEBUG_INFO = INCLUDE_SOURCE;
				MTL_FAST_MATH = YES;
				ONLY_ACTIVE_ARCH = YES;
				SDKROOT = iphoneos;
				SWIFT_ACTIVE_COMPILATION_CONDITIONS = DEBUG;
				SWIFT_OPTIMIZATION_LEVEL = "-Onone";
			};
			name = Debug;
		};
		DE55658F27F611CB0061064E /* Release */ = {
			isa = XCBuildConfiguration;
			buildSettings = {
				ALWAYS_SEARCH_USER_PATHS = NO;
				CLANG_ANALYZER_NONNULL = YES;
				CLANG_ANALYZER_NUMBER_OBJECT_CONVERSION = YES_AGGRESSIVE;
				CLANG_CXX_LANGUAGE_STANDARD = "gnu++17";
				CLANG_CXX_LIBRARY = "libc++";
				CLANG_ENABLE_MODULES = YES;
				CLANG_ENABLE_OBJC_ARC = YES;
				CLANG_ENABLE_OBJC_WEAK = YES;
				CLANG_WARN_BLOCK_CAPTURE_AUTORELEASING = YES;
				CLANG_WARN_BOOL_CONVERSION = YES;
				CLANG_WARN_COMMA = YES;
				CLANG_WARN_CONSTANT_CONVERSION = YES;
				CLANG_WARN_DEPRECATED_OBJC_IMPLEMENTATIONS = YES;
				CLANG_WARN_DIRECT_OBJC_ISA_USAGE = YES_ERROR;
				CLANG_WARN_DOCUMENTATION_COMMENTS = YES;
				CLANG_WARN_EMPTY_BODY = YES;
				CLANG_WARN_ENUM_CONVERSION = YES;
				CLANG_WARN_INFINITE_RECURSION = YES;
				CLANG_WARN_INT_CONVERSION = YES;
				CLANG_WARN_NON_LITERAL_NULL_CONVERSION = YES;
				CLANG_WARN_OBJC_IMPLICIT_RETAIN_SELF = YES;
				CLANG_WARN_OBJC_LITERAL_CONVERSION = YES;
				CLANG_WARN_OBJC_ROOT_CLASS = YES_ERROR;
				CLANG_WARN_QUOTED_INCLUDE_IN_FRAMEWORK_HEADER = YES;
				CLANG_WARN_RANGE_LOOP_ANALYSIS = YES;
				CLANG_WARN_STRICT_PROTOTYPES = YES;
				CLANG_WARN_SUSPICIOUS_MOVE = YES;
				CLANG_WARN_UNGUARDED_AVAILABILITY = YES_AGGRESSIVE;
				CLANG_WARN_UNREACHABLE_CODE = YES;
				CLANG_WARN__DUPLICATE_METHOD_MATCH = YES;
				COPY_PHASE_STRIP = NO;
				DEBUG_INFORMATION_FORMAT = "dwarf-with-dsym";
				ENABLE_NS_ASSERTIONS = NO;
				ENABLE_STRICT_OBJC_MSGSEND = YES;
				GCC_C_LANGUAGE_STANDARD = gnu11;
				GCC_NO_COMMON_BLOCKS = YES;
				GCC_WARN_64_TO_32_BIT_CONVERSION = YES;
				GCC_WARN_ABOUT_RETURN_TYPE = YES_ERROR;
				GCC_WARN_UNDECLARED_SELECTOR = YES;
				GCC_WARN_UNINITIALIZED_AUTOS = YES_AGGRESSIVE;
				GCC_WARN_UNUSED_FUNCTION = YES;
				GCC_WARN_UNUSED_VARIABLE = YES;
				IPHONEOS_DEPLOYMENT_TARGET = 15.2;
				MTL_ENABLE_DEBUG_INFO = NO;
				MTL_FAST_MATH = YES;
				SDKROOT = iphoneos;
				SWIFT_COMPILATION_MODE = wholemodule;
				SWIFT_OPTIMIZATION_LEVEL = "-O";
				VALIDATE_PRODUCT = YES;
			};
			name = Release;
		};
		DE55659127F611CB0061064E /* Debug */ = {
			isa = XCBuildConfiguration;
			buildSettings = {
				ASSETCATALOG_COMPILER_APPICON_NAME = AppIcon;
				ASSETCATALOG_COMPILER_GLOBAL_ACCENT_COLOR_NAME = AccentColor;
				CODE_SIGN_STYLE = Automatic;
				CURRENT_PROJECT_VERSION = 1;
				DEVELOPMENT_TEAM = 8C8XRB8SJ7;
				GENERATE_INFOPLIST_FILE = YES;
				INFOPLIST_FILE = /Users/aleksejtrofimov/Desktop/WeatherApp/WeaterApp/WeatherApp/Other/Info.plist;
				INFOPLIST_KEY_UIApplicationSupportsIndirectInputEvents = YES;
				INFOPLIST_KEY_UILaunchStoryboardName = LaunchScreen;
				INFOPLIST_KEY_UIMainStoryboardFile = Main;
				INFOPLIST_KEY_UISupportedInterfaceOrientations_iPad = "UIInterfaceOrientationPortrait UIInterfaceOrientationPortraitUpsideDown UIInterfaceOrientationLandscapeLeft UIInterfaceOrientationLandscapeRight";
				INFOPLIST_KEY_UISupportedInterfaceOrientations_iPhone = "UIInterfaceOrientationPortrait UIInterfaceOrientationLandscapeLeft UIInterfaceOrientationLandscapeRight";
				LD_RUNPATH_SEARCH_PATHS = (
					"$(inherited)",
					"@executable_path/Frameworks",
				);
				MARKETING_VERSION = 1.0;
				PRODUCT_BUNDLE_IDENTIFIER = "-.WeaterApp";
				PRODUCT_NAME = "$(TARGET_NAME)";
				SWIFT_EMIT_LOC_STRINGS = YES;
				SWIFT_VERSION = 5.0;
				TARGETED_DEVICE_FAMILY = "1,2";
			};
			name = Debug;
		};
		DE55659227F611CB0061064E /* Release */ = {
			isa = XCBuildConfiguration;
			buildSettings = {
				ASSETCATALOG_COMPILER_APPICON_NAME = AppIcon;
				ASSETCATALOG_COMPILER_GLOBAL_ACCENT_COLOR_NAME = AccentColor;
				CODE_SIGN_STYLE = Automatic;
				CURRENT_PROJECT_VERSION = 1;
				DEVELOPMENT_TEAM = 8C8XRB8SJ7;
				GENERATE_INFOPLIST_FILE = YES;
				INFOPLIST_FILE = /Users/aleksejtrofimov/Desktop/WeatherApp/WeaterApp/WeatherApp/Other/Info.plist;
				INFOPLIST_KEY_UIApplicationSupportsIndirectInputEvents = YES;
				INFOPLIST_KEY_UILaunchStoryboardName = LaunchScreen;
				INFOPLIST_KEY_UIMainStoryboardFile = Main;
				INFOPLIST_KEY_UISupportedInterfaceOrientations_iPad = "UIInterfaceOrientationPortrait UIInterfaceOrientationPortraitUpsideDown UIInterfaceOrientationLandscapeLeft UIInterfaceOrientationLandscapeRight";
				INFOPLIST_KEY_UISupportedInterfaceOrientations_iPhone = "UIInterfaceOrientationPortrait UIInterfaceOrientationLandscapeLeft UIInterfaceOrientationLandscapeRight";
				LD_RUNPATH_SEARCH_PATHS = (
					"$(inherited)",
					"@executable_path/Frameworks",
				);
				MARKETING_VERSION = 1.0;
				PRODUCT_BUNDLE_IDENTIFIER = "-.WeaterApp";
				PRODUCT_NAME = "$(TARGET_NAME)";
				SWIFT_EMIT_LOC_STRINGS = YES;
				SWIFT_VERSION = 5.0;
				TARGETED_DEVICE_FAMILY = "1,2";
			};
			name = Release;
		};
/* End XCBuildConfiguration section */

/* Begin XCConfigurationList section */
		DE55657727F611C80061064E /* Build configuration list for PBXProject "WeatherApp" */ = {
			isa = XCConfigurationList;
			buildConfigurations = (
				DE55658E27F611CB0061064E /* Debug */,
				DE55658F27F611CB0061064E /* Release */,
			);
			defaultConfigurationIsVisible = 0;
			defaultConfigurationName = Release;
		};
		DE55659027F611CB0061064E /* Build configuration list for PBXNativeTarget "WeaterApp" */ = {
			isa = XCConfigurationList;
			buildConfigurations = (
				DE55659127F611CB0061064E /* Debug */,
				DE55659227F611CB0061064E /* Release */,
			);
			defaultConfigurationIsVisible = 0;
			defaultConfigurationName = Release;
		};
/* End XCConfigurationList section */
	};
	rootObject = DE55657427F611C80061064E /* Project object */;
}
